// !$*UTF8*$!
{
	archiveVersion = 1;
	classes = {
	};
	objectVersion = 56;
	objects = {

/* Begin PBXBuildFile section */
		DCFAB2CB2B93A04500E4BD5F /* NewsApp.swift in Sources */ = {isa = PBXBuildFile; fileRef = DCFAB2CA2B93A04500E4BD5F /* NewsApp.swift */; };
		DCFAB2CD2B93A04500E4BD5F /* ContentView.swift in Sources */ = {isa = PBXBuildFile; fileRef = DCFAB2CC2B93A04500E4BD5F /* ContentView.swift */; };
		DCFAB2CF2B93A04700E4BD5F /* Assets.xcassets in Resources */ = {isa = PBXBuildFile; fileRef = DCFAB2CE2B93A04700E4BD5F /* Assets.xcassets */; };
		DCFAB2D22B93A04700E4BD5F /* Preview Assets.xcassets in Resources */ = {isa = PBXBuildFile; fileRef = DCFAB2D12B93A04700E4BD5F /* Preview Assets.xcassets */; };
		DCFAB2D92B93A08000E4BD5F /* HomeView.swift in Sources */ = {isa = PBXBuildFile; fileRef = DCFAB2D82B93A07F00E4BD5F /* HomeView.swift */; };
		DCFAB2DB2B93A08F00E4BD5F /* DiscoverView.swift in Sources */ = {isa = PBXBuildFile; fileRef = DCFAB2DA2B93A08F00E4BD5F /* DiscoverView.swift */; };
		DCFAB2DD2B93A09C00E4BD5F /* SavedView.swift in Sources */ = {isa = PBXBuildFile; fileRef = DCFAB2DC2B93A09C00E4BD5F /* SavedView.swift */; };
		DCFAB2DF2B93B03C00E4BD5F /* Model.swift in Sources */ = {isa = PBXBuildFile; fileRef = DCFAB2DE2B93B03C00E4BD5F /* Model.swift */; };
		DCFAB2E22B93B0A000E4BD5F /* SwiftyJSON in Frameworks */ = {isa = PBXBuildFile; productRef = DCFAB2E12B93B0A000E4BD5F /* SwiftyJSON */; };
		DCFAB2E52B93B0B500E4BD5F /* SDWebImageSwiftUI in Frameworks */ = {isa = PBXBuildFile; productRef = DCFAB2E42B93B0B500E4BD5F /* SDWebImageSwiftUI */; };
		DCFAB2E72B93E35F00E4BD5F /* DetailedView.swift in Sources */ = {isa = PBXBuildFile; fileRef = DCFAB2E62B93E35F00E4BD5F /* DetailedView.swift */; };
/* End PBXBuildFile section */

/* Begin PBXFileReference section */
		DCFAB2C72B93A04500E4BD5F /* News.app */ = {isa = PBXFileReference; explicitFileType = wrapper.application; includeInIndex = 0; path = News.app; sourceTree = BUILT_PRODUCTS_DIR; };
		DCFAB2CA2B93A04500E4BD5F /* NewsApp.swift */ = {isa = PBXFileReference; lastKnownFileType = sourcecode.swift; path = NewsApp.swift; sourceTree = "<group>"; };
		DCFAB2CC2B93A04500E4BD5F /* ContentView.swift */ = {isa = PBXFileReference; lastKnownFileType = sourcecode.swift; path = ContentView.swift; sourceTree = "<group>"; };
		DCFAB2CE2B93A04700E4BD5F /* Assets.xcassets */ = {isa = PBXFileReference; lastKnownFileType = folder.assetcatalog; path = Assets.xcassets; sourceTree = "<group>"; };
		DCFAB2D12B93A04700E4BD5F /* Preview Assets.xcassets */ = {isa = PBXFileReference; lastKnownFileType = folder.assetcatalog; path = "Preview Assets.xcassets"; sourceTree = "<group>"; };
		DCFAB2D82B93A07F00E4BD5F /* HomeView.swift */ = {isa = PBXFileReference; lastKnownFileType = sourcecode.swift; path = HomeView.swift; sourceTree = "<group>"; };
		DCFAB2DA2B93A08F00E4BD5F /* DiscoverView.swift */ = {isa = PBXFileReference; lastKnownFileType = sourcecode.swift; path = DiscoverView.swift; sourceTree = "<group>"; };
		DCFAB2DC2B93A09C00E4BD5F /* SavedView.swift */ = {isa = PBXFileReference; lastKnownFileType = sourcecode.swift; path = SavedView.swift; sourceTree = "<group>"; };
		DCFAB2DE2B93B03C00E4BD5F /* Model.swift */ = {isa = PBXFileReference; lastKnownFileType = sourcecode.swift; path = Model.swift; sourceTree = "<group>"; };
		DCFAB2E62B93E35F00E4BD5F /* DetailedView.swift */ = {isa = PBXFileReference; lastKnownFileType = sourcecode.swift; path = DetailedView.swift; sourceTree = "<group>"; };
/* End PBXFileReference section */

/* Begin PBXFrameworksBuildPhase section */
		DCFAB2C42B93A04500E4BD5F /* Frameworks */ = {
			isa = PBXFrameworksBuildPhase;
			buildActionMask = 2147483647;
			files = (
				DCFAB2E52B93B0B500E4BD5F /* SDWebImageSwiftUI in Frameworks */,
				DCFAB2E22B93B0A000E4BD5F /* SwiftyJSON in Frameworks */,
			);
			runOnlyForDeploymentPostprocessing = 0;
		};
/* End PBXFrameworksBuildPhase section */

/* Begin PBXGroup section */
		DCFAB2BE2B93A04500E4BD5F = {
			isa = PBXGroup;
			children = (
				DCFAB2C92B93A04500E4BD5F /* News */,
				DCFAB2C82B93A04500E4BD5F /* Products */,
			);
			sourceTree = "<group>";
		};
		DCFAB2C82B93A04500E4BD5F /* Products */ = {
			isa = PBXGroup;
			children = (
				DCFAB2C72B93A04500E4BD5F /* News.app */,
			);
			name = Products;
			sourceTree = "<group>";
		};
		DCFAB2C92B93A04500E4BD5F /* News */ = {
			isa = PBXGroup;
			children = (
				DCFAB2CA2B93A04500E4BD5F /* NewsApp.swift */,
				DCFAB2CC2B93A04500E4BD5F /* ContentView.swift */,
				DCFAB2CE2B93A04700E4BD5F /* Assets.xcassets */,
				DCFAB2D02B93A04700E4BD5F /* Preview Content */,
				DCFAB2D82B93A07F00E4BD5F /* HomeView.swift */,
				DCFAB2DA2B93A08F00E4BD5F /* DiscoverView.swift */,
				DCFAB2DC2B93A09C00E4BD5F /* SavedView.swift */,
				DCFAB2DE2B93B03C00E4BD5F /* Model.swift */,
				DCFAB2E62B93E35F00E4BD5F /* DetailedView.swift */,
			);
			path = News;
			sourceTree = "<group>";
		};
		DCFAB2D02B93A04700E4BD5F /* Preview Content */ = {
			isa = PBXGroup;
			children = (
				DCFAB2D12B93A04700E4BD5F /* Preview Assets.xcassets */,
			);
			path = "Preview Content";
			sourceTree = "<group>";
		};
/* End PBXGroup section */

/* Begin PBXNativeTarget section */
		DCFAB2C62B93A04500E4BD5F /* News */ = {
			isa = PBXNativeTarget;
			buildConfigurationList = DCFAB2D52B93A04700E4BD5F /* Build configuration list for PBXNativeTarget "News" */;
			buildPhases = (
				DCFAB2C32B93A04500E4BD5F /* Sources */,
				DCFAB2C42B93A04500E4BD5F /* Frameworks */,
				DCFAB2C52B93A04500E4BD5F /* Resources */,
			);
			buildRules = (
			);
			dependencies = (
			);
			name = News;
			packageProductDependencies = (
				DCFAB2E12B93B0A000E4BD5F /* SwiftyJSON */,
				DCFAB2E42B93B0B500E4BD5F /* SDWebImageSwiftUI */,
			);
			productName = News;
			productReference = DCFAB2C72B93A04500E4BD5F /* News.app */;
			productType = "com.apple.product-type.application";
		};
/* End PBXNativeTarget section */

/* Begin PBXProject section */
		DCFAB2BF2B93A04500E4BD5F /* Project object */ = {
			isa = PBXProject;
			attributes = {
				BuildIndependentTargetsInParallel = 1;
				LastSwiftUpdateCheck = 1520;
				LastUpgradeCheck = 1520;
				TargetAttributes = {
					DCFAB2C62B93A04500E4BD5F = {
						CreatedOnToolsVersion = 15.2;
					};
				};
			};
			buildConfigurationList = DCFAB2C22B93A04500E4BD5F /* Build configuration list for PBXProject "News" */;
			compatibilityVersion = "Xcode 14.0";
			developmentRegion = en;
			hasScannedForEncodings = 0;
			knownRegions = (
				en,
				Base,
			);
			mainGroup = DCFAB2BE2B93A04500E4BD5F;
			packageReferences = (
				DCFAB2E02B93B0A000E4BD5F /* XCRemoteSwiftPackageReference "SwiftyJSON" */,
				DCFAB2E32B93B0B500E4BD5F /* XCRemoteSwiftPackageReference "SDWebImageSwiftUI" */,
			);
			productRefGroup = DCFAB2C82B93A04500E4BD5F /* Products */;
			projectDirPath = "";
			projectRoot = "";
			targets = (
				DCFAB2C62B93A04500E4BD5F /* News */,
			);
		};
/* End PBXProject section */

/* Begin PBXResourcesBuildPhase section */
		DCFAB2C52B93A04500E4BD5F /* Resources */ = {
			isa = PBXResourcesBuildPhase;
			buildActionMask = 2147483647;
			files = (
				DCFAB2D22B93A04700E4BD5F /* Preview Assets.xcassets in Resources */,
				DCFAB2CF2B93A04700E4BD5F /* Assets.xcassets in Resources */,
			);
			runOnlyForDeploymentPostprocessing = 0;
		};
/* End PBXResourcesBuildPhase section */

/* Begin PBXSourcesBuildPhase section */
		DCFAB2C32B93A04500E4BD5F /* Sources */ = {
			isa = PBXSourcesBuildPhase;
			buildActionMask = 2147483647;
			files = (
				DCFAB2D92B93A08000E4BD5F /* HomeView.swift in Sources */,
				DCFAB2DD2B93A09C00E4BD5F /* SavedView.swift in Sources */,
				DCFAB2CD2B93A04500E4BD5F /* ContentView.swift in Sources */,
				DCFAB2DF2B93B03C00E4BD5F /* Model.swift in Sources */,
				DCFAB2E72B93E35F00E4BD5F /* DetailedView.swift in Sources */,
				DCFAB2CB2B93A04500E4BD5F /* NewsApp.swift in Sources */,
				DCFAB2DB2B93A08F00E4BD5F /* DiscoverView.swift in Sources */,
			);
			runOnlyForDeploymentPostprocessing = 0;
		};
/* End PBXSourcesBuildPhase section */

/* Begin XCBuildConfiguration section */
		DCFAB2D32B93A04700E4BD5F /* Debug */ = {
			isa = XCBuildConfiguration;
			buildSettings = {
				ALWAYS_SEARCH_USER_PATHS = NO;
				ASSETCATALOG_COMPILER_GENERATE_SWIFT_ASSET_SYMBOL_EXTENSIONS = YES;
				CLANG_ANALYZER_NONNULL = YES;
				CLANG_ANALYZER_NUMBER_OBJECT_CONVERSION = YES_AGGRESSIVE;
				CLANG_CXX_LANGUAGE_STANDARD = "gnu++20";
				CLANG_ENABLE_MODULES = YES;
				CLANG_ENABLE_OBJC_ARC = YES;
				CLANG_ENABLE_OBJC_WEAK = YES;
				CLANG_WARN_BLOCK_CAPTURE_AUTORELEASING = YES;
				CLANG_WARN_BOOL_CONVERSION = YES;
				CLANG_WARN_COMMA = YES;
				CLANG_WARN_CONSTANT_CONVERSION = YES;
				CLANG_WARN_DEPRECATED_OBJC_IMPLEMENTATIONS = YES;
				CLANG_WARN_DIRECT_OBJC_ISA_USAGE = YES_ERROR;
				CLANG_WARN_DOCUMENTATION_COMMENTS = YES;
				CLANG_WARN_EMPTY_BODY = YES;
				CLANG_WARN_ENUM_CONVERSION = YES;
				CLANG_WARN_INFINITE_RECURSION = YES;
				CLANG_WARN_INT_CONVERSION = YES;
				CLANG_WARN_NON_LITERAL_NULL_CONVERSION = YES;
				CLANG_WARN_OBJC_IMPLICIT_RETAIN_SELF = YES;
				CLANG_WARN_OBJC_LITERAL_CONVERSION = YES;
				CLANG_WARN_OBJC_ROOT_CLASS = YES_ERROR;
				CLANG_WARN_QUOTED_INCLUDE_IN_FRAMEWORK_HEADER = YES;
				CLANG_WARN_RANGE_LOOP_ANALYSIS = YES;
				CLANG_WARN_STRICT_PROTOTYPES = YES;
				CLANG_WARN_SUSPICIOUS_MOVE = YES;
				CLANG_WARN_UNGUARDED_AVAILABILITY = YES_AGGRESSIVE;
				CLANG_WARN_UNREACHABLE_CODE = YES;
				CLANG_WARN__DUPLICATE_METHOD_MATCH = YES;
				COPY_PHASE_STRIP = NO;
				DEBUG_INFORMATION_FORMAT = dwarf;
				ENABLE_STRICT_OBJC_MSGSEND = YES;
				ENABLE_TESTABILITY = YES;
				ENABLE_USER_SCRIPT_SANDBOXING = YES;
				GCC_C_LANGUAGE_STANDARD = gnu17;
				GCC_DYNAMIC_NO_PIC = NO;
				GCC_NO_COMMON_BLOCKS = YES;
				GCC_OPTIMIZATION_LEVEL = 0;
				GCC_PREPROCESSOR_DEFINITIONS = (
					"DEBUG=1",
					"$(inherited)",
				);
				GCC_WARN_64_TO_32_BIT_CONVERSION = YES;
				GCC_WARN_ABOUT_RETURN_TYPE = YES_ERROR;
				GCC_WARN_UNDECLARED_SELECTOR = YES;
				GCC_WARN_UNINITIALIZED_AUTOS = YES_AGGRESSIVE;
				GCC_WARN_UNUSED_FUNCTION = YES;
				GCC_WARN_UNUSED_VARIABLE = YES;
				IPHONEOS_DEPLOYMENT_TARGET = 17.2;
				LOCALIZATION_PREFERS_STRING_CATALOGS = YES;
				MTL_ENABLE_DEBUG_INFO = INCLUDE_SOURCE;
				MTL_FAST_MATH = YES;
				ONLY_ACTIVE_ARCH = YES;
				SDKROOT = iphoneos;
				SWIFT_ACTIVE_COMPILATION_CONDITIONS = "DEBUG $(inherited)";
				SWIFT_OPTIMIZATION_LEVEL = "-Onone";
			};
			name = Debug;
		};
		DCFAB2D42B93A04700E4BD5F /* Release */ = {
			isa = XCBuildConfiguration;
			buildSettings = {
				ALWAYS_SEARCH_USER_PATHS = NO;
				ASSETCATALOG_COMPILER_GENERATE_SWIFT_ASSET_SYMBOL_EXTENSIONS = YES;
				CLANG_ANALYZER_NONNULL = YES;
				CLANG_ANALYZER_NUMBER_OBJECT_CONVERSION = YES_AGGRESSIVE;
				CLANG_CXX_LANGUAGE_STANDARD = "gnu++20";
				CLANG_ENABLE_MODULES = YES;
				CLANG_ENABLE_OBJC_ARC = YES;
				CLANG_ENABLE_OBJC_WEAK = YES;
				CLANG_WARN_BLOCK_CAPTURE_AUTORELEASING = YES;
				CLANG_WARN_BOOL_CONVERSION = YES;
				CLANG_WARN_COMMA = YES;
				CLANG_WARN_CONSTANT_CONVERSION = YES;
				CLANG_WARN_DEPRECATED_OBJC_IMPLEMENTATIONS = YES;
				CLANG_WARN_DIRECT_OBJC_ISA_USAGE = YES_ERROR;
				CLANG_WARN_DOCUMENTATION_COMMENTS = YES;
				CLANG_WARN_EMPTY_BODY = YES;
				CLANG_WARN_ENUM_CONVERSION = YES;
				CLANG_WARN_INFINITE_RECURSION = YES;
				CLANG_WARN_INT_CONVERSION = YES;
				CLANG_WARN_NON_LITERAL_NULL_CONVERSION = YES;
				CLANG_WARN_OBJC_IMPLICIT_RETAIN_SELF = YES;
				CLANG_WARN_OBJC_LITERAL_CONVERSION = YES;
				CLANG_WARN_OBJC_ROOT_CLASS = YES_ERROR;
				CLANG_WARN_QUOTED_INCLUDE_IN_FRAMEWORK_HEADER = YES;
				CLANG_WARN_RANGE_LOOP_ANALYSIS = YES;
				CLANG_WARN_STRICT_PROTOTYPES = YES;
				CLANG_WARN_SUSPICIOUS_MOVE = YES;
				CLANG_WARN_UNGUARDED_AVAILABILITY = YES_AGGRESSIVE;
				CLANG_WARN_UNREACHABLE_CODE = YES;
				CLANG_WARN__DUPLICATE_METHOD_MATCH = YES;
				COPY_PHASE_STRIP = NO;
				DEBUG_INFORMATION_FORMAT = "dwarf-with-dsym";
				ENABLE_NS_ASSERTIONS = NO;
				ENABLE_STRICT_OBJC_MSGSEND = YES;
				ENABLE_USER_SCRIPT_SANDBOXING = YES;
				GCC_C_LANGUAGE_STANDARD = gnu17;
				GCC_NO_COMMON_BLOCKS = YES;
				GCC_WARN_64_TO_32_BIT_CONVERSION = YES;
				GCC_WARN_ABOUT_RETURN_TYPE = YES_ERROR;
				GCC_WARN_UNDECLARED_SELECTOR = YES;
				GCC_WARN_UNINITIALIZED_AUTOS = YES_AGGRESSIVE;
				GCC_WARN_UNUSED_FUNCTION = YES;
				GCC_WARN_UNUSED_VARIABLE = YES;
				IPHONEOS_DEPLOYMENT_TARGET = 17.2;
				LOCALIZATION_PREFERS_STRING_CATALOGS = YES;
				MTL_ENABLE_DEBUG_INFO = NO;
				MTL_FAST_MATH = YES;
				SDKROOT = iphoneos;
				SWIFT_COMPILATION_MODE = wholemodule;
				VALIDATE_PRODUCT = YES;
			};
			name = Release;
		};
		DCFAB2D62B93A04700E4BD5F /* Debug */ = {
			isa = XCBuildConfiguration;
			buildSettings = {
				ASSETCATALOG_COMPILER_APPICON_NAME = AppIcon;
				ASSETCATALOG_COMPILER_GLOBAL_ACCENT_COLOR_NAME = AccentColor;
				CODE_SIGN_STYLE = Automatic;
				CURRENT_PROJECT_VERSION = 1;
				DEVELOPMENT_ASSET_PATHS = "\"News/Preview Content\"";
				DEVELOPMENT_TEAM = 9LV7R5X4KA;
				ENABLE_PREVIEWS = YES;
				GENERATE_INFOPLIST_FILE = YES;
				INFOPLIST_KEY_UIApplicationSceneManifest_Generation = YES;
				INFOPLIST_KEY_UIApplicationSupportsIndirectInputEvents = YES;
				INFOPLIST_KEY_UILaunchScreen_Generation = YES;
				INFOPLIST_KEY_UISupportedInterfaceOrientations_iPad = "UIInterfaceOrientationPortrait UIInterfaceOrientationPortraitUpsideDown UIInterfaceOrientationLandscapeLeft UIInterfaceOrientationLandscapeRight";
				INFOPLIST_KEY_UISupportedInterfaceOrientations_iPhone = "UIInterfaceOrientationPortrait UIInterfaceOrientationLandscapeLeft UIInterfaceOrientationLandscapeRight";
				LD_RUNPATH_SEARCH_PATHS = (
					"$(inherited)",
					"@executable_path/Frameworks",
				);
				MARKETING_VERSION = 1.0;
				PRODUCT_BUNDLE_IDENTIFIER = com.spandiyar.kuanysh.News;
				PRODUCT_NAME = "$(TARGET_NAME)";
				SWIFT_EMIT_LOC_STRINGS = YES;
				SWIFT_VERSION = 5.0;
				TARGETED_DEVICE_FAMILY = "1,2";
			};
			name = Debug;
		};
		DCFAB2D72B93A04700E4BD5F /* Release */ = {
			isa = XCBuildConfiguration;
			buildSettings = {
				ASSETCATALOG_COMPILER_APPICON_NAME = AppIcon;
				ASSETCATALOG_COMPILER_GLOBAL_ACCENT_COLOR_NAME = AccentColor;
				CODE_SIGN_STYLE = Automatic;
				CURRENT_PROJECT_VERSION = 1;
				DEVELOPMENT_ASSET_PATHS = "\"News/Preview Content\"";
				DEVELOPMENT_TEAM = 9LV7R5X4KA;
				ENABLE_PREVIEWS = YES;
				GENERATE_INFOPLIST_FILE = YES;
				INFOPLIST_KEY_UIApplicationSceneManifest_Generation = YES;
				INFOPLIST_KEY_UIApplicationSupportsIndirectInputEvents = YES;
				INFOPLIST_KEY_UILaunchScreen_Generation = YES;
				INFOPLIST_KEY_UISupportedInterfaceOrientations_iPad = "UIInterfaceOrientationPortrait UIInterfaceOrientationPortraitUpsideDown UIInterfaceOrientationLandscapeLeft UIInterfaceOrientationLandscapeRight";
				INFOPLIST_KEY_UISupportedInterfaceOrientations_iPhone = "UIInterfaceOrientationPortrait UIInterfaceOrientationLandscapeLeft UIInterfaceOrientationLandscapeRight";
				LD_RUNPATH_SEARCH_PATHS = (
					"$(inherited)",
					"@executable_path/Frameworks",
				);
				MARKETING_VERSION = 1.0;
				PRODUCT_BUNDLE_IDENTIFIER = com.spandiyar.kuanysh.News;
				PRODUCT_NAME = "$(TARGET_NAME)";
				SWIFT_EMIT_LOC_STRINGS = YES;
				SWIFT_VERSION = 5.0;
				TARGETED_DEVICE_FAMILY = "1,2";
			};
			name = Release;
		};
/* End XCBuildConfiguration section */

/* Begin XCConfigurationList section */
		DCFAB2C22B93A04500E4BD5F /* Build configuration list for PBXProject "News" */ = {
			isa = XCConfigurationList;
			buildConfigurations = (
				DCFAB2D32B93A04700E4BD5F /* Debug */,
				DCFAB2D42B93A04700E4BD5F /* Release */,
			);
			defaultConfigurationIsVisible = 0;
			defaultConfigurationName = Release;
		};
		DCFAB2D52B93A04700E4BD5F /* Build configuration list for PBXNativeTarget "News" */ = {
			isa = XCConfigurationList;
			buildConfigurations = (
				DCFAB2D62B93A04700E4BD5F /* Debug */,
				DCFAB2D72B93A04700E4BD5F /* Release */,
			);
			defaultConfigurationIsVisible = 0;
			defaultConfigurationName = Release;
		};
/* End XCConfigurationList section */

/* Begin XCRemoteSwiftPackageReference section */
		DCFAB2E02B93B0A000E4BD5F /* XCRemoteSwiftPackageReference "SwiftyJSON" */ = {
			isa = XCRemoteSwiftPackageReference;
			repositoryURL = "https://github.com/SwiftyJSON/SwiftyJSON.git";
			requirement = {
				kind = upToNextMajorVersion;
				minimumVersion = 5.0.1;
			};
		};
		DCFAB2E32B93B0B500E4BD5F /* XCRemoteSwiftPackageReference "SDWebImageSwiftUI" */ = {
			isa = XCRemoteSwiftPackageReference;
			repositoryURL = "https://github.com/SDWebImage/SDWebImageSwiftUI.git";
			requirement = {
				kind = upToNextMajorVersion;
				minimumVersion = 2.2.6;
			};
		};
/* End XCRemoteSwiftPackageReference section */

/* Begin XCSwiftPackageProductDependency section */
		DCFAB2E12B93B0A000E4BD5F /* SwiftyJSON */ = {
			isa = XCSwiftPackageProductDependency;
			package = DCFAB2E02B93B0A000E4BD5F /* XCRemoteSwiftPackageReference "SwiftyJSON" */;
			productName = SwiftyJSON;
		};
		DCFAB2E42B93B0B500E4BD5F /* SDWebImageSwiftUI */ = {
			isa = XCSwiftPackageProductDependency;
			package = DCFAB2E32B93B0B500E4BD5F /* XCRemoteSwiftPackageReference "SDWebImageSwiftUI" */;
			productName = SDWebImageSwiftUI;
		};
/* End XCSwiftPackageProductDependency section */
	};
	rootObject = DCFAB2BF2B93A04500E4BD5F /* Project object */;
}
